
Microsoft Visual Studio Solution File, Format Version 10.00
# Visual Studio 2008
Project("{8BC9CEB8-8B4A-11D0-8D11-00A0C91BC942}") = "XapDeployer", "XapDeployer\XapDeployer.vcproj", "{AC7BDB74-2841-495A-8F6D-F4F98D559998}"
EndProject
Project("{8BC9CEB8-8B4A-11D0-8D11-00A0C91BC942}") = "minizip", "minizip\minizip.vcproj", "{1F030138-5891-4AFF-AACE-5114BDEF3DE7}"
EndProject
Project("{8BC9CEB8-8B4A-11D0-8D11-00A0C91BC942}") = "zlib", "zlib\zlib.vcproj", "{5D8E7689-C75D-4698-BFF4-3702B41A3EC2}"
EndProject
Global
	GlobalSection(SolutionConfigurationPlatforms) = preSolution
		Debug|Mixed Platforms = Debug|Mixed Platforms
		Debug|Pocket PC 2003 (ARMV4) = Debug|Pocket PC 2003 (ARMV4)
		Debug|Smartphone 2003 (ARMV4) = Debug|Smartphone 2003 (ARMV4)
		Debug|Windows Mobile 5.0 Smartphone SDK (ARMV4I) = Debug|Windows Mobile 5.0 Smartphone SDK (ARMV4I)
		Debug|Windows Mobile 6 Professional SDK (ARMV4I) = Debug|Windows Mobile 6 Professional SDK (ARMV4I)
		Release_Lib|Mixed Platforms = Release_Lib|Mixed Platforms
		Release_Lib|Pocket PC 2003 (ARMV4) = Release_Lib|Pocket PC 2003 (ARMV4)
		Release_Lib|Smartphone 2003 (ARMV4) = Release_Lib|Smartphone 2003 (ARMV4)
		Release_Lib|Windows Mobile 5.0 Smartphone SDK (ARMV4I) = Release_Lib|Windows Mobile 5.0 Smartphone SDK (ARMV4I)
		Release_Lib|Windows Mobile 6 Professional SDK (ARMV4I) = Release_Lib|Windows Mobile 6 Professional SDK (ARMV4I)
		Release_WM6|Mixed Platforms = Release_WM6|Mixed Platforms
		Release_WM6|Pocket PC 2003 (ARMV4) = Release_WM6|Pocket PC 2003 (ARMV4)
		Release_WM6|Smartphone 2003 (ARMV4) = Release_WM6|Smartphone 2003 (ARMV4)
		Release_WM6|Windows Mobile 5.0 Smartphone SDK (ARMV4I) = Release_WM6|Windows Mobile 5.0 Smartphone SDK (ARMV4I)
		Release_WM6|Windows Mobile 6 Professional SDK (ARMV4I) = Release_WM6|Windows Mobile 6 Professional SDK (ARMV4I)
		Release|Mixed Platforms = Release|Mixed Platforms
		Release|Pocket PC 2003 (ARMV4) = Release|Pocket PC 2003 (ARMV4)
		Release|Smartphone 2003 (ARMV4) = Release|Smartphone 2003 (ARMV4)
		Release|Windows Mobile 5.0 Smartphone SDK (ARMV4I) = Release|Windows Mobile 5.0 Smartphone SDK (ARMV4I)
		Release|Windows Mobile 6 Professional SDK (ARMV4I) = Release|Windows Mobile 6 Professional SDK (ARMV4I)
	EndGlobalSection
	GlobalSection(ProjectConfigurationPlatforms) = postSolution
		{AC7BDB74-2841-495A-8F6D-F4F98D559998}.Debug|Mixed Platforms.ActiveCfg = Release_WM6|Windows Mobile 6 Professional SDK (ARMV4I)
		{AC7BDB74-2841-495A-8F6D-F4F98D559998}.Debug|Mixed Platforms.Build.0 = Release_WM6|Windows Mobile 6 Professional SDK (ARMV4I)
		{AC7BDB74-2841-495A-8F6D-F4F98D559998}.Debug|Mixed Platforms.Deploy.0 = Release_WM6|Windows Mobile 6 Professional SDK (ARMV4I)
		{AC7BDB74-2841-495A-8F6D-F4F98D559998}.Debug|Pocket PC 2003 (ARMV4).ActiveCfg = Release_WM6|Windows Mobile 6 Professional SDK (ARMV4I)
		{AC7BDB74-2841-495A-8F6D-F4F98D559998}.Debug|Smartphone 2003 (ARMV4).ActiveCfg = Release_WM6|Windows Mobile 6 Professional SDK (ARMV4I)
		{AC7BDB74-2841-495A-8F6D-F4F98D559998}.Debug|Windows Mobile 5.0 Smartphone SDK (ARMV4I).ActiveCfg = Release_WM6|Windows Mobile 6 Professional SDK (ARMV4I)
		{AC7BDB74-2841-495A-8F6D-F4F98D559998}.Debug|Windows Mobile 6 Professional SDK (ARMV4I).ActiveCfg = Release|Windows Mobile 6 Professional SDK (ARMV4I)
		{AC7BDB74-2841-495A-8F6D-F4F98D559998}.Debug|Windows Mobile 6 Professional SDK (ARMV4I).Build.0 = Release|Windows Mobile 6 Professional SDK (ARMV4I)
		{AC7BDB74-2841-495A-8F6D-F4F98D559998}.Debug|Windows Mobile 6 Professional SDK (ARMV4I).Deploy.0 = Release|Windows Mobile 6 Professional SDK (ARMV4I)
		{AC7BDB74-2841-495A-8F6D-F4F98D559998}.Release_Lib|Mixed Platforms.ActiveCfg = Release_Lib|Windows Mobile 6 Professional SDK (ARMV4I)
		{AC7BDB74-2841-495A-8F6D-F4F98D559998}.Release_Lib|Mixed Platforms.Build.0 = Release_Lib|Windows Mobile 6 Professional SDK (ARMV4I)
		{AC7BDB74-2841-495A-8F6D-F4F98D559998}.Release_Lib|Mixed Platforms.Deploy.0 = Release_Lib|Windows Mobile 6 Professional SDK (ARMV4I)
		{AC7BDB74-2841-495A-8F6D-F4F98D559998}.Release_Lib|Pocket PC 2003 (ARMV4).ActiveCfg = Release_Lib|Windows Mobile 6 Professional SDK (ARMV4I)
		{AC7BDB74-2841-495A-8F6D-F4F98D559998}.Release_Lib|Smartphone 2003 (ARMV4).ActiveCfg = Release_Lib|Windows Mobile 6 Professional SDK (ARMV4I)
		{AC7BDB74-2841-495A-8F6D-F4F98D559998}.Release_Lib|Windows Mobile 5.0 Smartphone SDK (ARMV4I).ActiveCfg = Release_Lib|Windows Mobile 6 Professional SDK (ARMV4I)
		{AC7BDB74-2841-495A-8F6D-F4F98D559998}.Release_Lib|Windows Mobile 6 Professional SDK (ARMV4I).ActiveCfg = Release_Lib|Windows Mobile 6 Professional SDK (ARMV4I)
		{AC7BDB74-2841-495A-8F6D-F4F98D559998}.Release_Lib|Windows Mobile 6 Professional SDK (ARMV4I).Build.0 = Release_Lib|Windows Mobile 6 Professional SDK (ARMV4I)
		{AC7BDB74-2841-495A-8F6D-F4F98D559998}.Release_Lib|Windows Mobile 6 Professional SDK (ARMV4I).Deploy.0 = Release_Lib|Windows Mobile 6 Professional SDK (ARMV4I)
		{AC7BDB74-2841-495A-8F6D-F4F98D559998}.Release_WM6|Mixed Platforms.ActiveCfg = Release_WM6|Windows Mobile 6 Professional SDK (ARMV4I)
		{AC7BDB74-2841-495A-8F6D-F4F98D559998}.Release_WM6|Mixed Platforms.Build.0 = Release_WM6|Windows Mobile 6 Professional SDK (ARMV4I)
		{AC7BDB74-2841-495A-8F6D-F4F98D559998}.Release_WM6|Mixed Platforms.Deploy.0 = Release_WM6|Windows Mobile 6 Professional SDK (ARMV4I)
		{AC7BDB74-2841-495A-8F6D-F4F98D559998}.Release_WM6|Pocket PC 2003 (ARMV4).ActiveCfg = Release_WM6|Windows Mobile 6 Professional SDK (ARMV4I)
		{AC7BDB74-2841-495A-8F6D-F4F98D559998}.Release_WM6|Smartphone 2003 (ARMV4).ActiveCfg = Release_WM6|Windows Mobile 6 Professional SDK (ARMV4I)
		{AC7BDB74-2841-495A-8F6D-F4F98D559998}.Release_WM6|Windows Mobile 5.0 Smartphone SDK (ARMV4I).ActiveCfg = Release_WM6|Windows Mobile 6 Professional SDK (ARMV4I)
		{AC7BDB74-2841-495A-8F6D-F4F98D559998}.Release_WM6|Windows Mobile 6 Professional SDK (ARMV4I).ActiveCfg = Release_WM6|Windows Mobile 6 Professional SDK (ARMV4I)
		{AC7BDB74-2841-495A-8F6D-F4F98D559998}.Release_WM6|Windows Mobile 6 Professional SDK (ARMV4I).Build.0 = Release_WM6|Windows Mobile 6 Professional SDK (ARMV4I)
		{AC7BDB74-2841-495A-8F6D-F4F98D559998}.Release_WM6|Windows Mobile 6 Professional SDK (ARMV4I).Deploy.0 = Release_WM6|Windows Mobile 6 Professional SDK (ARMV4I)
		{AC7BDB74-2841-495A-8F6D-F4F98D559998}.Release|Mixed Platforms.ActiveCfg = Release|Windows Mobile 6 Professional SDK (ARMV4I)
		{AC7BDB74-2841-495A-8F6D-F4F98D559998}.Release|Mixed Platforms.Build.0 = Release|Windows Mobile 6 Professional SDK (ARMV4I)
		{AC7BDB74-2841-495A-8F6D-F4F98D559998}.Release|Mixed Platforms.Deploy.0 = Release|Windows Mobile 6 Professional SDK (ARMV4I)
		{AC7BDB74-2841-495A-8F6D-F4F98D559998}.Release|Pocket PC 2003 (ARMV4).ActiveCfg = Release|Windows Mobile 6 Professional SDK (ARMV4I)
		{AC7BDB74-2841-495A-8F6D-F4F98D559998}.Release|Smartphone 2003 (ARMV4).ActiveCfg = Release|Windows Mobile 6 Professional SDK (ARMV4I)
		{AC7BDB74-2841-495A-8F6D-F4F98D559998}.Release|Windows Mobile 5.0 Smartphone SDK (ARMV4I).ActiveCfg = Release|Windows Mobile 6 Professional SDK (ARMV4I)
		{AC7BDB74-2841-495A-8F6D-F4F98D559998}.Release|Windows Mobile 6 Professional SDK (ARMV4I).ActiveCfg = Release|Windows Mobile 6 Professional SDK (ARMV4I)
		{AC7BDB74-2841-495A-8F6D-F4F98D559998}.Release|Windows Mobile 6 Professional SDK (ARMV4I).Build.0 = Release|Windows Mobile 6 Professional SDK (ARMV4I)
		{AC7BDB74-2841-495A-8F6D-F4F98D559998}.Release|Windows Mobile 6 Professional SDK (ARMV4I).Deploy.0 = Release|Windows Mobile 6 Professional SDK (ARMV4I)
		{1F030138-5891-4AFF-AACE-5114BDEF3DE7}.Debug|Mixed Platforms.ActiveCfg = Debug|Windows Mobile 5.0 Smartphone SDK (ARMV4I)
		{1F030138-5891-4AFF-AACE-5114BDEF3DE7}.Debug|Mixed Platforms.Build.0 = Debug|Windows Mobile 5.0 Smartphone SDK (ARMV4I)
		{1F030138-5891-4AFF-AACE-5114BDEF3DE7}.Debug|Mixed Platforms.Deploy.0 = Debug|Windows Mobile 5.0 Smartphone SDK (ARMV4I)
		{1F030138-5891-4AFF-AACE-5114BDEF3DE7}.Debug|Pocket PC 2003 (ARMV4).ActiveCfg = Debug|Windows Mobile 5.0 Smartphone SDK (ARMV4I)
		{1F030138-5891-4AFF-AACE-5114BDEF3DE7}.Debug|Smartphone 2003 (ARMV4).ActiveCfg = Debug|Windows Mobile 5.0 Smartphone SDK (ARMV4I)
		{1F030138-5891-4AFF-AACE-5114BDEF3DE7}.Debug|Windows Mobile 5.0 Smartphone SDK (ARMV4I).ActiveCfg = Debug|Windows Mobile 5.0 Smartphone SDK (ARMV4I)
		{1F030138-5891-4AFF-AACE-5114BDEF3DE7}.Debug|Windows Mobile 5.0 Smartphone SDK (ARMV4I).Build.0 = Debug|Windows Mobile 5.0 Smartphone SDK (ARMV4I)
		{1F030138-5891-4AFF-AACE-5114BDEF3DE7}.Debug|Windows Mobile 5.0 Smartphone SDK (ARMV4I).Deploy.0 = Debug|Windows Mobile 5.0 Smartphone SDK (ARMV4I)
		{1F030138-5891-4AFF-AACE-5114BDEF3DE7}.Debug|Windows Mobile 6 Professional SDK (ARMV4I).ActiveCfg = Debug|Windows Mobile 5.0 Smartphone SDK (ARMV4I)
		{1F030138-5891-4AFF-AACE-5114BDEF3DE7}.Release_Lib|Mixed Platforms.ActiveCfg = Release_Lib|Windows Mobile 5.0 Smartphone SDK (ARMV4I)
		{1F030138-5891-4AFF-AACE-5114BDEF3DE7}.Release_Lib|Mixed Platforms.Build.0 = Release_Lib|Windows Mobile 5.0 Smartphone SDK (ARMV4I)
		{1F030138-5891-4AFF-AACE-5114BDEF3DE7}.Release_Lib|Mixed Platforms.Deploy.0 = Release_Lib|Windows Mobile 5.0 Smartphone SDK (ARMV4I)
		{1F030138-5891-4AFF-AACE-5114BDEF3DE7}.Release_Lib|Pocket PC 2003 (ARMV4).ActiveCfg = Release_Lib|Windows Mobile 5.0 Smartphone SDK (ARMV4I)
		{1F030138-5891-4AFF-AACE-5114BDEF3DE7}.Release_Lib|Smartphone 2003 (ARMV4).ActiveCfg = Release_Lib|Windows Mobile 5.0 Smartphone SDK (ARMV4I)
		{1F030138-5891-4AFF-AACE-5114BDEF3DE7}.Release_Lib|Windows Mobile 5.0 Smartphone SDK (ARMV4I).ActiveCfg = Release_Lib|Windows Mobile 5.0 Smartphone SDK (ARMV4I)
		{1F030138-5891-4AFF-AACE-5114BDEF3DE7}.Release_Lib|Windows Mobile 5.0 Smartphone SDK (ARMV4I).Build.0 = Release_Lib|Windows Mobile 5.0 Smartphone SDK (ARMV4I)
		{1F030138-5891-4AFF-AACE-5114BDEF3DE7}.Release_Lib|Windows Mobile 5.0 Smartphone SDK (ARMV4I).Deploy.0 = Release_Lib|Windows Mobile 5.0 Smartphone SDK (ARMV4I)
		{1F030138-5891-4AFF-AACE-5114BDEF3DE7}.Release_Lib|Windows Mobile 6 Professional SDK (ARMV4I).ActiveCfg = Release_Lib|Windows Mobile 5.0 Smartphone SDK (ARMV4I)
		{1F030138-5891-4AFF-AACE-5114BDEF3DE7}.Release_WM6|Mixed Platforms.ActiveCfg = Release|Windows Mobile 5.0 Smartphone SDK (ARMV4I)
		{1F030138-5891-4AFF-AACE-5114BDEF3DE7}.Release_WM6|Mixed Platforms.Build.0 = Release|Windows Mobile 5.0 Smartphone SDK (ARMV4I)
		{1F030138-5891-4AFF-AACE-5114BDEF3DE7}.Release_WM6|Mixed Platforms.Deploy.0 = Release|Windows Mobile 5.0 Smartphone SDK (ARMV4I)
		{1F030138-5891-4AFF-AACE-5114BDEF3DE7}.Release_WM6|Pocket PC 2003 (ARMV4).ActiveCfg = Release|Windows Mobile 5.0 Smartphone SDK (ARMV4I)
		{1F030138-5891-4AFF-AACE-5114BDEF3DE7}.Release_WM6|Smartphone 2003 (ARMV4).ActiveCfg = Release|Windows Mobile 5.0 Smartphone SDK (ARMV4I)
		{1F030138-5891-4AFF-AACE-5114BDEF3DE7}.Release_WM6|Windows Mobile 5.0 Smartphone SDK (ARMV4I).ActiveCfg = Release|Windows Mobile 5.0 Smartphone SDK (ARMV4I)
		{1F030138-5891-4AFF-AACE-5114BDEF3DE7}.Release_WM6|Windows Mobile 5.0 Smartphone SDK (ARMV4I).Build.0 = Release|Windows Mobile 5.0 Smartphone SDK (ARMV4I)
		{1F030138-5891-4AFF-AACE-5114BDEF3DE7}.Release_WM6|Windows Mobile 5.0 Smartphone SDK (ARMV4I).Deploy.0 = Release|Windows Mobile 5.0 Smartphone SDK (ARMV4I)
		{1F030138-5891-4AFF-AACE-5114BDEF3DE7}.Release_WM6|Windows Mobile 6 Professional SDK (ARMV4I).ActiveCfg = Release_WM6|Windows Mobile 5.0 Smartphone SDK (ARMV4I)
		{1F030138-5891-4AFF-AACE-5114BDEF3DE7}.Release_WM6|Windows Mobile 6 Professional SDK (ARMV4I).Build.0 = Release_WM6|Windows Mobile 5.0 Smartphone SDK (ARMV4I)
		{1F030138-5891-4AFF-AACE-5114BDEF3DE7}.Release|Mixed Platforms.ActiveCfg = Release|Windows Mobile 5.0 Smartphone SDK (ARMV4I)
		{1F030138-5891-4AFF-AACE-5114BDEF3DE7}.Release|Mixed Platforms.Build.0 = Release|Windows Mobile 5.0 Smartphone SDK (ARMV4I)
		{1F030138-5891-4AFF-AACE-5114BDEF3DE7}.Release|Mixed Platforms.Deploy.0 = Release|Windows Mobile 5.0 Smartphone SDK (ARMV4I)
		{1F030138-5891-4AFF-AACE-5114BDEF3DE7}.Release|Pocket PC 2003 (ARMV4).ActiveCfg = Release|Windows Mobile 5.0 Smartphone SDK (ARMV4I)
		{1F030138-5891-4AFF-AACE-5114BDEF3DE7}.Release|Smartphone 2003 (ARMV4).ActiveCfg = Release|Windows Mobile 5.0 Smartphone SDK (ARMV4I)
		{1F030138-5891-4AFF-AACE-5114BDEF3DE7}.Release|Windows Mobile 5.0 Smartphone SDK (ARMV4I).ActiveCfg = Release|Windows Mobile 5.0 Smartphone SDK (ARMV4I)
		{1F030138-5891-4AFF-AACE-5114BDEF3DE7}.Release|Windows Mobile 5.0 Smartphone SDK (ARMV4I).Build.0 = Release|Windows Mobile 5.0 Smartphone SDK (ARMV4I)
		{1F030138-5891-4AFF-AACE-5114BDEF3DE7}.Release|Windows Mobile 5.0 Smartphone SDK (ARMV4I).Deploy.0 = Release|Windows Mobile 5.0 Smartphone SDK (ARMV4I)
		{1F030138-5891-4AFF-AACE-5114BDEF3DE7}.Release|Windows Mobile 6 Professional SDK (ARMV4I).ActiveCfg = Release|Windows Mobile 5.0 Smartphone SDK (ARMV4I)
		{1F030138-5891-4AFF-AACE-5114BDEF3DE7}.Release|Windows Mobile 6 Professional SDK (ARMV4I).Build.0 = Release|Windows Mobile 5.0 Smartphone SDK (ARMV4I)
		{5D8E7689-C75D-4698-BFF4-3702B41A3EC2}.Debug|Mixed Platforms.ActiveCfg = Debug|Windows Mobile 5.0 Smartphone SDK (ARMV4I)
		{5D8E7689-C75D-4698-BFF4-3702B41A3EC2}.Debug|Mixed Platforms.Build.0 = Debug|Windows Mobile 5.0 Smartphone SDK (ARMV4I)
		{5D8E7689-C75D-4698-BFF4-3702B41A3EC2}.Debug|Mixed Platforms.Deploy.0 = Debug|Windows Mobile 5.0 Smartphone SDK (ARMV4I)
		{5D8E7689-C75D-4698-BFF4-3702B41A3EC2}.Debug|Pocket PC 2003 (ARMV4).ActiveCfg = Debug|Windows Mobile 5.0 Smartphone SDK (ARMV4I)
		{5D8E7689-C75D-4698-BFF4-3702B41A3EC2}.Debug|Smartphone 2003 (ARMV4).ActiveCfg = Debug|Windows Mobile 5.0 Smartphone SDK (ARMV4I)
		{5D8E7689-C75D-4698-BFF4-3702B41A3EC2}.Debug|Windows Mobile 5.0 Smartphone SDK (ARMV4I).ActiveCfg = Debug|Windows Mobile 5.0 Smartphone SDK (ARMV4I)
		{5D8E7689-C75D-4698-BFF4-3702B41A3EC2}.Debug|Windows Mobile 5.0 Smartphone SDK (ARMV4I).Build.0 = Debug|Windows Mobile 5.0 Smartphone SDK (ARMV4I)
		{5D8E7689-C75D-4698-BFF4-3702B41A3EC2}.Debug|Windows Mobile 5.0 Smartphone SDK (ARMV4I).Deploy.0 = Debug|Windows Mobile 5.0 Smartphone SDK (ARMV4I)
		{5D8E7689-C75D-4698-BFF4-3702B41A3EC2}.Debug|Windows Mobile 6 Professional SDK (ARMV4I).ActiveCfg = Debug|Windows Mobile 5.0 Smartphone SDK (ARMV4I)
		{5D8E7689-C75D-4698-BFF4-3702B41A3EC2}.Release_Lib|Mixed Platforms.ActiveCfg = Release_Lib|Windows Mobile 5.0 Smartphone SDK (ARMV4I)
		{5D8E7689-C75D-4698-BFF4-3702B41A3EC2}.Release_Lib|Mixed Platforms.Build.0 = Release_Lib|Windows Mobile 5.0 Smartphone SDK (ARMV4I)
		{5D8E7689-C75D-4698-BFF4-3702B41A3EC2}.Release_Lib|Mixed Platforms.Deploy.0 = Release_Lib|Windows Mobile 5.0 Smartphone SDK (ARMV4I)
		{5D8E7689-C75D-4698-BFF4-3702B41A3EC2}.Release_Lib|Pocket PC 2003 (ARMV4).ActiveCfg = Release_Lib|Windows Mobile 5.0 Smartphone SDK (ARMV4I)
		{5D8E7689-C75D-4698-BFF4-3702B41A3EC2}.Release_Lib|Smartphone 2003 (ARMV4).ActiveCfg = Release_Lib|Windows Mobile 5.0 Smartphone SDK (ARMV4I)
		{5D8E7689-C75D-4698-BFF4-3702B41A3EC2}.Release_Lib|Windows Mobile 5.0 Smartphone SDK (ARMV4I).ActiveCfg = Release_Lib|Windows Mobile 5.0 Smartphone SDK (ARMV4I)
		{5D8E7689-C75D-4698-BFF4-3702B41A3EC2}.Release_Lib|Windows Mobile 5.0 Smartphone SDK (ARMV4I).Build.0 = Release_Lib|Windows Mobile 5.0 Smartphone SDK (ARMV4I)
		{5D8E7689-C75D-4698-BFF4-3702B41A3EC2}.Release_Lib|Windows Mobile 5.0 Smartphone SDK (ARMV4I).Deploy.0 = Release_Lib|Windows Mobile 5.0 Smartphone SDK (ARMV4I)
		{5D8E7689-C75D-4698-BFF4-3702B41A3EC2}.Release_Lib|Windows Mobile 6 Professional SDK (ARMV4I).ActiveCfg = Release_Lib|Windows Mobile 5.0 Smartphone SDK (ARMV4I)
		{5D8E7689-C75D-4698-BFF4-3702B41A3EC2}.Release_WM6|Mixed Platforms.ActiveCfg = Release|Windows Mobile 5.0 Smartphone SDK (ARMV4I)
		{5D8E7689-C75D-4698-BFF4-3702B41A3EC2}.Release_WM6|Mixed Platforms.Build.0 = Release|Windows Mobile 5.0 Smartphone SDK (ARMV4I)
		{5D8E7689-C75D-4698-BFF4-3702B41A3EC2}.Release_WM6|Mixed Platforms.Deploy.0 = Release|Windows Mobile 5.0 Smartphone SDK (ARMV4I)
		{5D8E7689-C75D-4698-BFF4-3702B41A3EC2}.Release_WM6|Pocket PC 2003 (ARMV4).ActiveCfg = Release|Windows Mobile 5.0 Smartphone SDK (ARMV4I)
		{5D8E7689-C75D-4698-BFF4-3702B41A3EC2}.Release_WM6|Smartphone 2003 (ARMV4).ActiveCfg = Release|Windows Mobile 5.0 Smartphone SDK (ARMV4I)
		{5D8E7689-C75D-4698-BFF4-3702B41A3EC2}.Release_WM6|Windows Mobile 5.0 Smartphone SDK (ARMV4I).ActiveCfg = Release|Windows Mobile 5.0 Smartphone SDK (ARMV4I)
		{5D8E7689-C75D-4698-BFF4-3702B41A3EC2}.Release_WM6|Windows Mobile 5.0 Smartphone SDK (ARMV4I).Build.0 = Release|Windows Mobile 5.0 Smartphone SDK (ARMV4I)
		{5D8E7689-C75D-4698-BFF4-3702B41A3EC2}.Release_WM6|Windows Mobile 5.0 Smartphone SDK (ARMV4I).Deploy.0 = Release|Windows Mobile 5.0 Smartphone SDK (ARMV4I)
		{5D8E7689-C75D-4698-BFF4-3702B41A3EC2}.Release_WM6|Windows Mobile 6 Professional SDK (ARMV4I).ActiveCfg = Release_WM6|Windows Mobile 5.0 Smartphone SDK (ARMV4I)
		{5D8E7689-C75D-4698-BFF4-3702B41A3EC2}.Release_WM6|Windows Mobile 6 Professional SDK (ARMV4I).Build.0 = Release_WM6|Windows Mobile 5.0 Smartphone SDK (ARMV4I)
		{5D8E7689-C75D-4698-BFF4-3702B41A3EC2}.Release|Mixed Platforms.ActiveCfg = Release|Windows Mobile 5.0 Smartphone SDK (ARMV4I)
		{5D8E7689-C75D-4698-BFF4-3702B41A3EC2}.Release|Mixed Platforms.Build.0 = Release|Windows Mobile 5.0 Smartphone SDK (ARMV4I)
		{5D8E7689-C75D-4698-BFF4-3702B41A3EC2}.Release|Mixed Platforms.Deploy.0 = Release|Windows Mobile 5.0 Smartphone SDK (ARMV4I)
		{5D8E7689-C75D-4698-BFF4-3702B41A3EC2}.Release|Pocket PC 2003 (ARMV4).ActiveCfg = Release|Windows Mobile 5.0 Smartphone SDK (ARMV4I)
		{5D8E7689-C75D-4698-BFF4-3702B41A3EC2}.Release|Smartphone 2003 (ARMV4).ActiveCfg = Release|Windows Mobile 5.0 Smartphone SDK (ARMV4I)
		{5D8E7689-C75D-4698-BFF4-3702B41A3EC2}.Release|Windows Mobile 5.0 Smartphone SDK (ARMV4I).ActiveCfg = Release|Windows Mobile 5.0 Smartphone SDK (ARMV4I)
		{5D8E7689-C75D-4698-BFF4-3702B41A3EC2}.Release|Windows Mobile 5.0 Smartphone SDK (ARMV4I).Build.0 = Release|Windows Mobile 5.0 Smartphone SDK (ARMV4I)
		{5D8E7689-C75D-4698-BFF4-3702B41A3EC2}.Release|Windows Mobile 5.0 Smartphone SDK (ARMV4I).Deploy.0 = Release|Windows Mobile 5.0 Smartphone SDK (ARMV4I)
		{5D8E7689-C75D-4698-BFF4-3702B41A3EC2}.Release|Windows Mobile 6 Professional SDK (ARMV4I).ActiveCfg = Release|Windows Mobile 5.0 Smartphone SDK (ARMV4I)
		{5D8E7689-C75D-4698-BFF4-3702B41A3EC2}.Release|Windows Mobile 6 Professional SDK (ARMV4I).Build.0 = Release|Windows Mobile 5.0 Smartphone SDK (ARMV4I)
	EndGlobalSection
	GlobalSection(SolutionProperties) = preSolution
		HideSolutionNode = FALSE
	EndGlobalSection
EndGlobal
